
Microsoft Visual Studio Solution File, Format Version 12.00
# Visual Studio Version 17
VisualStudioVersion = 17.5.002.0
MinimumVisualStudioVersion = 10.0.40219.1
Project("{9A19103F-16F7-4668-BE54-9A1E7A4F7556}") = "Haikai", "Haikai.csproj", "{6DB784E8-13C3-49A4-BB77-EB860F322334}"
EndProject
Global
	GlobalSection(SolutionConfigurationPlatforms) = preSolution
		Debug|Any CPU = Debug|Any CPU
		Release|Any CPU = Release|Any CPU
	EndGlobalSection
	GlobalSection(ProjectConfigurationPlatforms) = postSolution
		{6DB784E8-13C3-49A4-BB77-EB860F322334}.Debug|Any CPU.ActiveCfg = Debug|Any CPU
		{6DB784E8-13C3-49A4-BB77-EB860F322334}.Debug|Any CPU.Build.0 = Debug|Any CPU
		{6DB784E8-13C3-49A4-BB77-EB860F322334}.Release|Any CPU.ActiveCfg = Release|Any CPU
		{6DB784E8-13C3-49A4-BB77-EB860F322334}.Release|Any CPU.Build.0 = Release|Any CPU
	EndGlobalSection
	GlobalSection(SolutionProperties) = preSolution
		HideSolutionNode = FALSE
	EndGlobalSection
	GlobalSection(ExtensibilityGlobals) = postSolution
		SolutionGuid = {C7E1C0DC-8A57-4B2C-A969-52BB42A10BE7}
	EndGlobalSection
EndGlobal
